// !$*UTF8*$!
{
	archiveVersion = 1;
	classes = {
	};
	objectVersion = 50;
	objects = {

/* Begin PBXBuildFile section */
		7816535A21946C1900CB3E3A /* GoogleService-Info.plist in Resources */ = {isa = PBXBuildFile; fileRef = 7816535921946C1900CB3E3A /* GoogleService-Info.plist */; };
		7820B09D219E326800242CAA /* HomeViewController.m in Sources */ = {isa = PBXBuildFile; fileRef = 7820B09C219E326800242CAA /* HomeViewController.m */; };
		78BE7F7521120F8F0005B644 /* AppDelegate.m in Sources */ = {isa = PBXBuildFile; fileRef = 78BE7F7421120F8F0005B644 /* AppDelegate.m */; };
		78BE7F7821120F8F0005B644 /* ViewController.m in Sources */ = {isa = PBXBuildFile; fileRef = 78BE7F7721120F8F0005B644 /* ViewController.m */; };
		78BE7F7B21120F8F0005B644 /* Main.storyboard in Resources */ = {isa = PBXBuildFile; fileRef = 78BE7F7921120F8F0005B644 /* Main.storyboard */; };
		78BE7F7D21120F910005B644 /* Assets.xcassets in Resources */ = {isa = PBXBuildFile; fileRef = 78BE7F7C21120F910005B644 /* Assets.xcassets */; };
		78BE7F8021120F910005B644 /* LaunchScreen.storyboard in Resources */ = {isa = PBXBuildFile; fileRef = 78BE7F7E21120F910005B644 /* LaunchScreen.storyboard */; };
		78BE7F8321120F910005B644 /* main.m in Sources */ = {isa = PBXBuildFile; fileRef = 78BE7F8221120F910005B644 /* main.m */; };
		78BE7F8D21120F910005B644 /* mykakeiboTests.m in Sources */ = {isa = PBXBuildFile; fileRef = 78BE7F8C21120F910005B644 /* mykakeiboTests.m */; };
		78BE7F9821120F910005B644 /* mykakeiboUITests.m in Sources */ = {isa = PBXBuildFile; fileRef = 78BE7F9721120F910005B644 /* mykakeiboUITests.m */; };
		78DD9989212998420045AE5B /* InputViewController.m in Sources */ = {isa = PBXBuildFile; fileRef = 78DD9988212998420045AE5B /* InputViewController.m */; };
		78EF1C9021B00A02007BEE90 /* SettingViewController.m in Sources */ = {isa = PBXBuildFile; fileRef = 78EF1C8F21B00A02007BEE90 /* SettingViewController.m */; };
		88218DE7FA9F3AC4BBF039A3 /* libPods-mykakeibo.a in Frameworks */ = {isa = PBXBuildFile; fileRef = 1DBDC36FAB0D3B7520255873 /* libPods-mykakeibo.a */; };
		A3C159A6AFD5B225A1F31F2C /* libPods-mykakeiboTests.a in Frameworks */ = {isa = PBXBuildFile; fileRef = 5402762D21EEBB5383A5C8E9 /* libPods-mykakeiboTests.a */; };
		F46193EFB2A83FB9B45187A2 /* libPods-mykakeiboUITests.a in Frameworks */ = {isa = PBXBuildFile; fileRef = E8C6CF1A024F5028A65FDF9B /* libPods-mykakeiboUITests.a */; };
/* End PBXBuildFile section */

/* Begin PBXContainerItemProxy section */
		78BE7F8921120F910005B644 /* PBXContainerItemProxy */ = {
			isa = PBXContainerItemProxy;
			containerPortal = 78BE7F6821120F8F0005B644 /* Project object */;
			proxyType = 1;
			remoteGlobalIDString = 78BE7F6F21120F8F0005B644;
			remoteInfo = mykakeibo;
		};
		78BE7F9421120F910005B644 /* PBXContainerItemProxy */ = {
			isa = PBXContainerItemProxy;
			containerPortal = 78BE7F6821120F8F0005B644 /* Project object */;
			proxyType = 1;
			remoteGlobalIDString = 78BE7F6F21120F8F0005B644;
			remoteInfo = mykakeibo;
		};
/* End PBXContainerItemProxy section */

/* Begin PBXFileReference section */
		07875F4948752472C2F45FB3 /* Pods-mykakeiboTests.debug.xcconfig */ = {isa = PBXFileReference; includeInIndex = 1; lastKnownFileType = text.xcconfig; name = "Pods-mykakeiboTests.debug.xcconfig"; path = "Pods/Target Support Files/Pods-mykakeiboTests/Pods-mykakeiboTests.debug.xcconfig"; sourceTree = "<group>"; };
		1233FB6BEF10A4C33737B0FF /* Pods-mykakeibo.debug.xcconfig */ = {isa = PBXFileReference; includeInIndex = 1; lastKnownFileType = text.xcconfig; name = "Pods-mykakeibo.debug.xcconfig"; path = "Pods/Target Support Files/Pods-mykakeibo/Pods-mykakeibo.debug.xcconfig"; sourceTree = "<group>"; };
		1DBDC36FAB0D3B7520255873 /* libPods-mykakeibo.a */ = {isa = PBXFileReference; explicitFileType = archive.ar; includeInIndex = 0; path = "libPods-mykakeibo.a"; sourceTree = BUILT_PRODUCTS_DIR; };
		2D64B6CD997CC0DF7BA59C83 /* Pods-mykakeiboTests.release.xcconfig */ = {isa = PBXFileReference; includeInIndex = 1; lastKnownFileType = text.xcconfig; name = "Pods-mykakeiboTests.release.xcconfig"; path = "Pods/Target Support Files/Pods-mykakeiboTests/Pods-mykakeiboTests.release.xcconfig"; sourceTree = "<group>"; };
		5402762D21EEBB5383A5C8E9 /* libPods-mykakeiboTests.a */ = {isa = PBXFileReference; explicitFileType = archive.ar; includeInIndex = 0; path = "libPods-mykakeiboTests.a"; sourceTree = BUILT_PRODUCTS_DIR; };
		6372489150212EC3F9719CA3 /* Pods-mykakeibo.release.xcconfig */ = {isa = PBXFileReference; includeInIndex = 1; lastKnownFileType = text.xcconfig; name = "Pods-mykakeibo.release.xcconfig"; path = "Pods/Target Support Files/Pods-mykakeibo/Pods-mykakeibo.release.xcconfig"; sourceTree = "<group>"; };
		7816535921946C1900CB3E3A /* GoogleService-Info.plist */ = {isa = PBXFileReference; fileEncoding = 4; lastKnownFileType = text.plist.xml; path = "GoogleService-Info.plist"; sourceTree = "<group>"; };
		7820B09B219E326800242CAA /* HomeViewController.h */ = {isa = PBXFileReference; lastKnownFileType = sourcecode.c.h; path = HomeViewController.h; sourceTree = "<group>"; };
		7820B09C219E326800242CAA /* HomeViewController.m */ = {isa = PBXFileReference; lastKnownFileType = sourcecode.c.objc; path = HomeViewController.m; sourceTree = "<group>"; };
		78BE7F7021120F8F0005B644 /* mykakeibo.app */ = {isa = PBXFileReference; explicitFileType = wrapper.application; includeInIndex = 0; path = mykakeibo.app; sourceTree = BUILT_PRODUCTS_DIR; };
		78BE7F7321120F8F0005B644 /* AppDelegate.h */ = {isa = PBXFileReference; lastKnownFileType = sourcecode.c.h; path = AppDelegate.h; sourceTree = "<group>"; };
		78BE7F7421120F8F0005B644 /* AppDelegate.m */ = {isa = PBXFileReference; lastKnownFileType = sourcecode.c.objc; path = AppDelegate.m; sourceTree = "<group>"; };
		78BE7F7621120F8F0005B644 /* ViewController.h */ = {isa = PBXFileReference; lastKnownFileType = sourcecode.c.h; path = ViewController.h; sourceTree = "<group>"; };
		78BE7F7721120F8F0005B644 /* ViewController.m */ = {isa = PBXFileReference; lastKnownFileType = sourcecode.c.objc; path = ViewController.m; sourceTree = "<group>"; };
		78BE7F7A21120F8F0005B644 /* Base */ = {isa = PBXFileReference; lastKnownFileType = file.storyboard; name = Base; path = Base.lproj/Main.storyboard; sourceTree = "<group>"; };
		78BE7F7C21120F910005B644 /* Assets.xcassets */ = {isa = PBXFileReference; lastKnownFileType = folder.assetcatalog; path = Assets.xcassets; sourceTree = "<group>"; };
		78BE7F7F21120F910005B644 /* Base */ = {isa = PBXFileReference; lastKnownFileType = file.storyboard; name = Base; path = Base.lproj/LaunchScreen.storyboard; sourceTree = "<group>"; };
		78BE7F8121120F910005B644 /* Info.plist */ = {isa = PBXFileReference; lastKnownFileType = text.plist.xml; path = Info.plist; sourceTree = "<group>"; };
		78BE7F8221120F910005B644 /* main.m */ = {isa = PBXFileReference; lastKnownFileType = sourcecode.c.objc; path = main.m; sourceTree = "<group>"; };
		78BE7F8821120F910005B644 /* mykakeiboTests.xctest */ = {isa = PBXFileReference; explicitFileType = wrapper.cfbundle; includeInIndex = 0; path = mykakeiboTests.xctest; sourceTree = BUILT_PRODUCTS_DIR; };
		78BE7F8C21120F910005B644 /* mykakeiboTests.m */ = {isa = PBXFileReference; lastKnownFileType = sourcecode.c.objc; path = mykakeiboTests.m; sourceTree = "<group>"; };
		78BE7F8E21120F910005B644 /* Info.plist */ = {isa = PBXFileReference; lastKnownFileType = text.plist.xml; path = Info.plist; sourceTree = "<group>"; };
		78BE7F9321120F910005B644 /* mykakeiboUITests.xctest */ = {isa = PBXFileReference; explicitFileType = wrapper.cfbundle; includeInIndex = 0; path = mykakeiboUITests.xctest; sourceTree = BUILT_PRODUCTS_DIR; };
		78BE7F9721120F910005B644 /* mykakeiboUITests.m */ = {isa = PBXFileReference; lastKnownFileType = sourcecode.c.objc; path = mykakeiboUITests.m; sourceTree = "<group>"; };
		78BE7F9921120F910005B644 /* Info.plist */ = {isa = PBXFileReference; lastKnownFileType = text.plist.xml; path = Info.plist; sourceTree = "<group>"; };
		78DD9987212998420045AE5B /* InputViewController.h */ = {isa = PBXFileReference; lastKnownFileType = sourcecode.c.h; path = InputViewController.h; sourceTree = "<group>"; };
		78DD9988212998420045AE5B /* InputViewController.m */ = {isa = PBXFileReference; lastKnownFileType = sourcecode.c.objc; path = InputViewController.m; sourceTree = "<group>"; };
		78EF1C8E21B00A02007BEE90 /* SettingViewController.h */ = {isa = PBXFileReference; lastKnownFileType = sourcecode.c.h; path = SettingViewController.h; sourceTree = "<group>"; };
		78EF1C8F21B00A02007BEE90 /* SettingViewController.m */ = {isa = PBXFileReference; lastKnownFileType = sourcecode.c.objc; path = SettingViewController.m; sourceTree = "<group>"; };
		E8C6CF1A024F5028A65FDF9B /* libPods-mykakeiboUITests.a */ = {isa = PBXFileReference; explicitFileType = archive.ar; includeInIndex = 0; path = "libPods-mykakeiboUITests.a"; sourceTree = BUILT_PRODUCTS_DIR; };
		F7DBD805FF2D804986663399 /* Pods-mykakeiboUITests.debug.xcconfig */ = {isa = PBXFileReference; includeInIndex = 1; lastKnownFileType = text.xcconfig; name = "Pods-mykakeiboUITests.debug.xcconfig"; path = "Pods/Target Support Files/Pods-mykakeiboUITests/Pods-mykakeiboUITests.debug.xcconfig"; sourceTree = "<group>"; };
		F82F90D495BA61546E434F8C /* Pods-mykakeiboUITests.release.xcconfig */ = {isa = PBXFileReference; includeInIndex = 1; lastKnownFileType = text.xcconfig; name = "Pods-mykakeiboUITests.release.xcconfig"; path = "Pods/Target Support Files/Pods-mykakeiboUITests/Pods-mykakeiboUITests.release.xcconfig"; sourceTree = "<group>"; };
/* End PBXFileReference section */

/* Begin PBXFrameworksBuildPhase section */
		78BE7F6D21120F8F0005B644 /* Frameworks */ = {
			isa = PBXFrameworksBuildPhase;
			buildActionMask = 2147483647;
			files = (
				88218DE7FA9F3AC4BBF039A3 /* libPods-mykakeibo.a in Frameworks */,
			);
			runOnlyForDeploymentPostprocessing = 0;
		};
		78BE7F8521120F910005B644 /* Frameworks */ = {
			isa = PBXFrameworksBuildPhase;
			buildActionMask = 2147483647;
			files = (
				A3C159A6AFD5B225A1F31F2C /* libPods-mykakeiboTests.a in Frameworks */,
			);
			runOnlyForDeploymentPostprocessing = 0;
		};
		78BE7F9021120F910005B644 /* Frameworks */ = {
			isa = PBXFrameworksBuildPhase;
			buildActionMask = 2147483647;
			files = (
				F46193EFB2A83FB9B45187A2 /* libPods-mykakeiboUITests.a in Frameworks */,
			);
			runOnlyForDeploymentPostprocessing = 0;
		};
/* End PBXFrameworksBuildPhase section */

/* Begin PBXGroup section */
		6A339305E9FF3E4288435A96 /* Pods */ = {
			isa = PBXGroup;
			children = (
				1233FB6BEF10A4C33737B0FF /* Pods-mykakeibo.debug.xcconfig */,
				6372489150212EC3F9719CA3 /* Pods-mykakeibo.release.xcconfig */,
				07875F4948752472C2F45FB3 /* Pods-mykakeiboTests.debug.xcconfig */,
				2D64B6CD997CC0DF7BA59C83 /* Pods-mykakeiboTests.release.xcconfig */,
				F7DBD805FF2D804986663399 /* Pods-mykakeiboUITests.debug.xcconfig */,
				F82F90D495BA61546E434F8C /* Pods-mykakeiboUITests.release.xcconfig */,
			);
			name = Pods;
			sourceTree = "<group>";
		};
		6E9F2EB77B0DCBFEA6AB96A4 /* Frameworks */ = {
			isa = PBXGroup;
			children = (
				1DBDC36FAB0D3B7520255873 /* libPods-mykakeibo.a */,
				5402762D21EEBB5383A5C8E9 /* libPods-mykakeiboTests.a */,
				E8C6CF1A024F5028A65FDF9B /* libPods-mykakeiboUITests.a */,
			);
			name = Frameworks;
			sourceTree = "<group>";
		};
		78BE7F6721120F8F0005B644 = {
			isa = PBXGroup;
			children = (
				78BE7F7221120F8F0005B644 /* mykakeibo */,
				78BE7F8B21120F910005B644 /* mykakeiboTests */,
				78BE7F9621120F910005B644 /* mykakeiboUITests */,
				78BE7F7121120F8F0005B644 /* Products */,
				6A339305E9FF3E4288435A96 /* Pods */,
				6E9F2EB77B0DCBFEA6AB96A4 /* Frameworks */,
			);
			sourceTree = "<group>";
		};
		78BE7F7121120F8F0005B644 /* Products */ = {
			isa = PBXGroup;
			children = (
				78BE7F7021120F8F0005B644 /* mykakeibo.app */,
				78BE7F8821120F910005B644 /* mykakeiboTests.xctest */,
				78BE7F9321120F910005B644 /* mykakeiboUITests.xctest */,
			);
			name = Products;
			sourceTree = "<group>";
		};
		78BE7F7221120F8F0005B644 /* mykakeibo */ = {
			isa = PBXGroup;
			children = (
				7816535921946C1900CB3E3A /* GoogleService-Info.plist */,
				78BE7F7321120F8F0005B644 /* AppDelegate.h */,
				78BE7F7421120F8F0005B644 /* AppDelegate.m */,
				78BE7F7621120F8F0005B644 /* ViewController.h */,
				78BE7F7721120F8F0005B644 /* ViewController.m */,
				78BE7F7921120F8F0005B644 /* Main.storyboard */,
				78BE7F7C21120F910005B644 /* Assets.xcassets */,
				78BE7F7E21120F910005B644 /* LaunchScreen.storyboard */,
				78BE7F8121120F910005B644 /* Info.plist */,
				78BE7F8221120F910005B644 /* main.m */,
				78DD9987212998420045AE5B /* InputViewController.h */,
				78DD9988212998420045AE5B /* InputViewController.m */,
				7820B09B219E326800242CAA /* HomeViewController.h */,
				7820B09C219E326800242CAA /* HomeViewController.m */,
				78EF1C8E21B00A02007BEE90 /* SettingViewController.h */,
				78EF1C8F21B00A02007BEE90 /* SettingViewController.m */,
			);
			path = mykakeibo;
			sourceTree = "<group>";
		};
		78BE7F8B21120F910005B644 /* mykakeiboTests */ = {
			isa = PBXGroup;
			children = (
				78BE7F8C21120F910005B644 /* mykakeiboTests.m */,
				78BE7F8E21120F910005B644 /* Info.plist */,
			);
			path = mykakeiboTests;
			sourceTree = "<group>";
		};
		78BE7F9621120F910005B644 /* mykakeiboUITests */ = {
			isa = PBXGroup;
			children = (
				78BE7F9721120F910005B644 /* mykakeiboUITests.m */,
				78BE7F9921120F910005B644 /* Info.plist */,
			);
			path = mykakeiboUITests;
			sourceTree = "<group>";
		};
/* End PBXGroup section */

/* Begin PBXNativeTarget section */
		78BE7F6F21120F8F0005B644 /* mykakeibo */ = {
			isa = PBXNativeTarget;
			buildConfigurationList = 78BE7F9C21120F910005B644 /* Build configuration list for PBXNativeTarget "mykakeibo" */;
			buildPhases = (
				60C2353211F00F1344AF993B /* [CP] Check Pods Manifest.lock */,
				78BE7F6C21120F8F0005B644 /* Sources */,
				78BE7F6D21120F8F0005B644 /* Frameworks */,
				78BE7F6E21120F8F0005B644 /* Resources */,
			);
			buildRules = (
			);
			dependencies = (
			);
			name = mykakeibo;
			productName = mykakeibo;
			productReference = 78BE7F7021120F8F0005B644 /* mykakeibo.app */;
			productType = "com.apple.product-type.application";
		};
		78BE7F8721120F910005B644 /* mykakeiboTests */ = {
			isa = PBXNativeTarget;
			buildConfigurationList = 78BE7F9F21120F910005B644 /* Build configuration list for PBXNativeTarget "mykakeiboTests" */;
			buildPhases = (
				DFD83B361B8600DC3D2F6198 /* [CP] Check Pods Manifest.lock */,
				78BE7F8421120F910005B644 /* Sources */,
				78BE7F8521120F910005B644 /* Frameworks */,
				78BE7F8621120F910005B644 /* Resources */,
			);
			buildRules = (
			);
			dependencies = (
				78BE7F8A21120F910005B644 /* PBXTargetDependency */,
			);
			name = mykakeiboTests;
			productName = mykakeiboTests;
			productReference = 78BE7F8821120F910005B644 /* mykakeiboTests.xctest */;
			productType = "com.apple.product-type.bundle.unit-test";
		};
		78BE7F9221120F910005B644 /* mykakeiboUITests */ = {
			isa = PBXNativeTarget;
			buildConfigurationList = 78BE7FA221120F910005B644 /* Build configuration list for PBXNativeTarget "mykakeiboUITests" */;
			buildPhases = (
				ABD6A7AA5C50B7FCA08CF408 /* [CP] Check Pods Manifest.lock */,
				78BE7F8F21120F910005B644 /* Sources */,
				78BE7F9021120F910005B644 /* Frameworks */,
				78BE7F9121120F910005B644 /* Resources */,
			);
			buildRules = (
			);
			dependencies = (
				78BE7F9521120F910005B644 /* PBXTargetDependency */,
			);
			name = mykakeiboUITests;
			productName = mykakeiboUITests;
			productReference = 78BE7F9321120F910005B644 /* mykakeiboUITests.xctest */;
			productType = "com.apple.product-type.bundle.ui-testing";
		};
/* End PBXNativeTarget section */

/* Begin PBXProject section */
		78BE7F6821120F8F0005B644 /* Project object */ = {
			isa = PBXProject;
			attributes = {
				LastUpgradeCheck = 0940;
				ORGANIZATIONNAME = "井出拓弥";
				TargetAttributes = {
					78BE7F6F21120F8F0005B644 = {
						CreatedOnToolsVersion = 9.4.1;
					};
					78BE7F8721120F910005B644 = {
						CreatedOnToolsVersion = 9.4.1;
						TestTargetID = 78BE7F6F21120F8F0005B644;
					};
					78BE7F9221120F910005B644 = {
						CreatedOnToolsVersion = 9.4.1;
						TestTargetID = 78BE7F6F21120F8F0005B644;
					};
				};
			};
			buildConfigurationList = 78BE7F6B21120F8F0005B644 /* Build configuration list for PBXProject "mykakeibo" */;
			compatibilityVersion = "Xcode 9.3";
			developmentRegion = en;
			hasScannedForEncodings = 0;
			knownRegions = (
				en,
				Base,
			);
			mainGroup = 78BE7F6721120F8F0005B644;
			productRefGroup = 78BE7F7121120F8F0005B644 /* Products */;
			projectDirPath = "";
			projectRoot = "";
			targets = (
				78BE7F6F21120F8F0005B644 /* mykakeibo */,
				78BE7F8721120F910005B644 /* mykakeiboTests */,
				78BE7F9221120F910005B644 /* mykakeiboUITests */,
			);
		};
/* End PBXProject section */

/* Begin PBXResourcesBuildPhase section */
		78BE7F6E21120F8F0005B644 /* Resources */ = {
			isa = PBXResourcesBuildPhase;
			buildActionMask = 2147483647;
			files = (
				78BE7F8021120F910005B644 /* LaunchScreen.storyboard in Resources */,
				7816535A21946C1900CB3E3A /* GoogleService-Info.plist in Resources */,
				78BE7F7D21120F910005B644 /* Assets.xcassets in Resources */,
				78BE7F7B21120F8F0005B644 /* Main.storyboard in Resources */,
			);
			runOnlyForDeploymentPostprocessing = 0;
		};
		78BE7F8621120F910005B644 /* Resources */ = {
			isa = PBXResourcesBuildPhase;
			buildActionMask = 2147483647;
			files = (
			);
			runOnlyForDeploymentPostprocessing = 0;
		};
		78BE7F9121120F910005B644 /* Resources */ = {
			isa = PBXResourcesBuildPhase;
			buildActionMask = 2147483647;
			files = (
			);
			runOnlyForDeploymentPostprocessing = 0;
		};
/* End PBXResourcesBuildPhase section */

/* Begin PBXShellScriptBuildPhase section */
		60C2353211F00F1344AF993B /* [CP] Check Pods Manifest.lock */ = {
			isa = PBXShellScriptBuildPhase;
			buildActionMask = 2147483647;
			files = (
			);
			inputFileListPaths = (
			);
			inputPaths = (
				"${PODS_PODFILE_DIR_PATH}/Podfile.lock",
				"${PODS_ROOT}/Manifest.lock",
			);
			name = "[CP] Check Pods Manifest.lock";
			outputFileListPaths = (
			);
			outputPaths = (
				"$(DERIVED_FILE_DIR)/Pods-mykakeibo-checkManifestLockResult.txt",
			);
			runOnlyForDeploymentPostprocessing = 0;
			shellPath = /bin/sh;
			shellScript = "diff \"${PODS_PODFILE_DIR_PATH}/Podfile.lock\" \"${PODS_ROOT}/Manifest.lock\" > /dev/null\nif [ $? != 0 ] ; then\n    # print error to STDERR\n    echo \"error: The sandbox is not in sync with the Podfile.lock. Run 'pod install' or update your CocoaPods installation.\" >&2\n    exit 1\nfi\n# This output is used by Xcode 'outputs' to avoid re-running this script phase.\necho \"SUCCESS\" > \"${SCRIPT_OUTPUT_FILE_0}\"\n";
			showEnvVarsInLog = 0;
		};
		ABD6A7AA5C50B7FCA08CF408 /* [CP] Check Pods Manifest.lock */ = {
			isa = PBXShellScriptBuildPhase;
			buildActionMask = 2147483647;
			files = (
			);
			inputFileListPaths = (
			);
			inputPaths = (
				"${PODS_PODFILE_DIR_PATH}/Podfile.lock",
				"${PODS_ROOT}/Manifest.lock",
			);
			name = "[CP] Check Pods Manifest.lock";
			outputFileListPaths = (
			);
			outputPaths = (
				"$(DERIVED_FILE_DIR)/Pods-mykakeiboUITests-checkManifestLockResult.txt",
			);
			runOnlyForDeploymentPostprocessing = 0;
			shellPath = /bin/sh;
			shellScript = "diff \"${PODS_PODFILE_DIR_PATH}/Podfile.lock\" \"${PODS_ROOT}/Manifest.lock\" > /dev/null\nif [ $? != 0 ] ; then\n    # print error to STDERR\n    echo \"error: The sandbox is not in sync with the Podfile.lock. Run 'pod install' or update your CocoaPods installation.\" >&2\n    exit 1\nfi\n# This output is used by Xcode 'outputs' to avoid re-running this script phase.\necho \"SUCCESS\" > \"${SCRIPT_OUTPUT_FILE_0}\"\n";
			showEnvVarsInLog = 0;
		};
		DFD83B361B8600DC3D2F6198 /* [CP] Check Pods Manifest.lock */ = {
			isa = PBXShellScriptBuildPhase;
			buildActionMask = 2147483647;
			files = (
			);
			inputFileListPaths = (
			);
			inputPaths = (
				"${PODS_PODFILE_DIR_PATH}/Podfile.lock",
				"${PODS_ROOT}/Manifest.lock",
			);
			name = "[CP] Check Pods Manifest.lock";
			outputFileListPaths = (
			);
			outputPaths = (
				"$(DERIVED_FILE_DIR)/Pods-mykakeiboTests-checkManifestLockResult.txt",
			);
			runOnlyForDeploymentPostprocessing = 0;
			shellPath = /bin/sh;
			shellScript = "diff \"${PODS_PODFILE_DIR_PATH}/Podfile.lock\" \"${PODS_ROOT}/Manifest.lock\" > /dev/null\nif [ $? != 0 ] ; then\n    # print error to STDERR\n    echo \"error: The sandbox is not in sync with the Podfile.lock. Run 'pod install' or update your CocoaPods installation.\" >&2\n    exit 1\nfi\n# This output is used by Xcode 'outputs' to avoid re-running this script phase.\necho \"SUCCESS\" > \"${SCRIPT_OUTPUT_FILE_0}\"\n";
			showEnvVarsInLog = 0;
		};
/* End PBXShellScriptBuildPhase section */

/* Begin PBXSourcesBuildPhase section */
		78BE7F6C21120F8F0005B644 /* Sources */ = {
			isa = PBXSourcesBuildPhase;
			buildActionMask = 2147483647;
			files = (
				78BE7F7821120F8F0005B644 /* ViewController.m in Sources */,
				78BE7F8321120F910005B644 /* main.m in Sources */,
				78BE7F7521120F8F0005B644 /* AppDelegate.m in Sources */,
				7820B09D219E326800242CAA /* HomeViewController.m in Sources */,
				78DD9989212998420045AE5B /* InputViewController.m in Sources */,
				78EF1C9021B00A02007BEE90 /* SettingViewController.m in Sources */,
			);
			runOnlyForDeploymentPostprocessing = 0;
		};
		78BE7F8421120F910005B644 /* Sources */ = {
			isa = PBXSourcesBuildPhase;
			buildActionMask = 2147483647;
			files = (
				78BE7F8D21120F910005B644 /* mykakeiboTests.m in Sources */,
			);
			runOnlyForDeploymentPostprocessing = 0;
		};
		78BE7F8F21120F910005B644 /* Sources */ = {
			isa = PBXSourcesBuildPhase;
			buildActionMask = 2147483647;
			files = (
				78BE7F9821120F910005B644 /* mykakeiboUITests.m in Sources */,
			);
			runOnlyForDeploymentPostprocessing = 0;
		};
/* End PBXSourcesBuildPhase section */

/* Begin PBXTargetDependency section */
		78BE7F8A21120F910005B644 /* PBXTargetDependency */ = {
			isa = PBXTargetDependency;
			target = 78BE7F6F21120F8F0005B644 /* mykakeibo */;
			targetProxy = 78BE7F8921120F910005B644 /* PBXContainerItemProxy */;
		};
		78BE7F9521120F910005B644 /* PBXTargetDependency */ = {
			isa = PBXTargetDependency;
			target = 78BE7F6F21120F8F0005B644 /* mykakeibo */;
			targetProxy = 78BE7F9421120F910005B644 /* PBXContainerItemProxy */;
		};
/* End PBXTargetDependency section */

/* Begin PBXVariantGroup section */
		78BE7F7921120F8F0005B644 /* Main.storyboard */ = {
			isa = PBXVariantGroup;
			children = (
				78BE7F7A21120F8F0005B644 /* Base */,
			);
			name = Main.storyboard;
			sourceTree = "<group>";
		};
		78BE7F7E21120F910005B644 /* LaunchScreen.storyboard */ = {
			isa = PBXVariantGroup;
			children = (
				78BE7F7F21120F910005B644 /* Base */,
			);
			name = LaunchScreen.storyboard;
			sourceTree = "<group>";
		};
/* End PBXVariantGroup section */

/* Begin XCBuildConfiguration section */
		78BE7F9A21120F910005B644 /* Debug */ = {
			isa = XCBuildConfiguration;
			buildSettings = {
				ALWAYS_SEARCH_USER_PATHS = NO;
				CLANG_ANALYZER_NONNULL = YES;
				CLANG_ANALYZER_NUMBER_OBJECT_CONVERSION = YES_AGGRESSIVE;
				CLANG_CXX_LANGUAGE_STANDARD = "gnu++14";
				CLANG_CXX_LIBRARY = "libc++";
				CLANG_ENABLE_MODULES = YES;
				CLANG_ENABLE_OBJC_ARC = YES;
				CLANG_ENABLE_OBJC_WEAK = YES;
				CLANG_WARN_BLOCK_CAPTURE_AUTORELEASING = YES;
				CLANG_WARN_BOOL_CONVERSION = YES;
				CLANG_WARN_COMMA = YES;
				CLANG_WARN_CONSTANT_CONVERSION = YES;
				CLANG_WARN_DEPRECATED_OBJC_IMPLEMENTATIONS = YES;
				CLANG_WARN_DIRECT_OBJC_ISA_USAGE = YES_ERROR;
				CLANG_WARN_DOCUMENTATION_COMMENTS = YES;
				CLANG_WARN_EMPTY_BODY = YES;
				CLANG_WARN_ENUM_CONVERSION = YES;
				CLANG_WARN_INFINITE_RECURSION = YES;
				CLANG_WARN_INT_CONVERSION = YES;
				CLANG_WARN_NON_LITERAL_NULL_CONVERSION = YES;
				CLANG_WARN_OBJC_IMPLICIT_RETAIN_SELF = YES;
				CLANG_WARN_OBJC_LITERAL_CONVERSION = YES;
				CLANG_WARN_OBJC_ROOT_CLASS = YES_ERROR;
				CLANG_WARN_RANGE_LOOP_ANALYSIS = YES;
				CLANG_WARN_STRICT_PROTOTYPES = YES;
				CLANG_WARN_SUSPICIOUS_MOVE = YES;
				CLANG_WARN_UNGUARDED_AVAILABILITY = YES_AGGRESSIVE;
				CLANG_WARN_UNREACHABLE_CODE = YES;
				CLANG_WARN__DUPLICATE_METHOD_MATCH = YES;
				CODE_SIGN_IDENTITY = "iPhone Developer";
				COPY_PHASE_STRIP = NO;
				DEBUG_INFORMATION_FORMAT = dwarf;
				ENABLE_STRICT_OBJC_MSGSEND = YES;
				ENABLE_TESTABILITY = YES;
				GCC_C_LANGUAGE_STANDARD = gnu11;
				GCC_DYNAMIC_NO_PIC = NO;
				GCC_NO_COMMON_BLOCKS = YES;
				GCC_OPTIMIZATION_LEVEL = 0;
				GCC_PREPROCESSOR_DEFINITIONS = (
					"DEBUG=1",
					"$(inherited)",
				);
				GCC_WARN_64_TO_32_BIT_CONVERSION = YES;
				GCC_WARN_ABOUT_RETURN_TYPE = YES_ERROR;
				GCC_WARN_UNDECLARED_SELECTOR = YES;
				GCC_WARN_UNINITIALIZED_AUTOS = YES_AGGRESSIVE;
				GCC_WARN_UNUSED_FUNCTION = YES;
				GCC_WARN_UNUSED_VARIABLE = YES;
				IPHONEOS_DEPLOYMENT_TARGET = 11.4;
				MTL_ENABLE_DEBUG_INFO = YES;
				ONLY_ACTIVE_ARCH = YES;
				SDKROOT = iphoneos;
			};
			name = Debug;
		};
		78BE7F9B21120F910005B644 /* Release */ = {
			isa = XCBuildConfiguration;
			buildSettings = {
				ALWAYS_SEARCH_USER_PATHS = NO;
				CLANG_ANALYZER_NONNULL = YES;
				CLANG_ANALYZER_NUMBER_OBJECT_CONVERSION = YES_AGGRESSIVE;
				CLANG_CXX_LANGUAGE_STANDARD = "gnu++14";
				CLANG_CXX_LIBRARY = "libc++";
				CLANG_ENABLE_MODULES = YES;
				CLANG_ENABLE_OBJC_ARC = YES;
				CLANG_ENABLE_OBJC_WEAK = YES;
				CLANG_WARN_BLOCK_CAPTURE_AUTORELEASING = YES;
				CLANG_WARN_BOOL_CONVERSION = YES;
				CLANG_WARN_COMMA = YES;
				CLANG_WARN_CONSTANT_CONVERSION = YES;
				CLANG_WARN_DEPRECATED_OBJC_IMPLEMENTATIONS = YES;
				CLANG_WARN_DIRECT_OBJC_ISA_USAGE = YES_ERROR;
				CLANG_WARN_DOCUMENTATION_COMMENTS = YES;
				CLANG_WARN_EMPTY_BODY = YES;
				CLANG_WARN_ENUM_CONVERSION = YES;
				CLANG_WARN_INFINITE_RECURSION = YES;
				CLANG_WARN_INT_CONVERSION = YES;
				CLANG_WARN_NON_LITERAL_NULL_CONVERSION = YES;
				CLANG_WARN_OBJC_IMPLICIT_RETAIN_SELF = YES;
				CLANG_WARN_OBJC_LITERAL_CONVERSION = YES;
				CLANG_WARN_OBJC_ROOT_CLASS = YES_ERROR;
				CLANG_WARN_RANGE_LOOP_ANALYSIS = YES;
				CLANG_WARN_STRICT_PROTOTYPES = YES;
				CLANG_WARN_SUSPICIOUS_MOVE = YES;
				CLANG_WARN_UNGUARDED_AVAILABILITY = YES_AGGRESSIVE;
				CLANG_WARN_UNREACHABLE_CODE = YES;
				CLANG_WARN__DUPLICATE_METHOD_MATCH = YES;
				CODE_SIGN_IDENTITY = "iPhone Developer";
				COPY_PHASE_STRIP = NO;
				DEBUG_INFORMATION_FORMAT = "dwarf-with-dsym";
				ENABLE_NS_ASSERTIONS = NO;
				ENABLE_STRICT_OBJC_MSGSEND = YES;
				GCC_C_LANGUAGE_STANDARD = gnu11;
				GCC_NO_COMMON_BLOCKS = YES;
				GCC_WARN_64_TO_32_BIT_CONVERSION = YES;
				GCC_WARN_ABOUT_RETURN_TYPE = YES_ERROR;
				GCC_WARN_UNDECLARED_SELECTOR = YES;
				GCC_WARN_UNINITIALIZED_AUTOS = YES_AGGRESSIVE;
				GCC_WARN_UNUSED_FUNCTION = YES;
				GCC_WARN_UNUSED_VARIABLE = YES;
				IPHONEOS_DEPLOYMENT_TARGET = 11.4;
				MTL_ENABLE_DEBUG_INFO = NO;
				SDKROOT = iphoneos;
				VALIDATE_PRODUCT = YES;
			};
			name = Release;
		};
		78BE7F9D21120F910005B644 /* Debug */ = {
			isa = XCBuildConfiguration;
			baseConfigurationReference = 1233FB6BEF10A4C33737B0FF /* Pods-mykakeibo.debug.xcconfig */;
			buildSettings = {
				ASSETCATALOG_COMPILER_APPICON_NAME = AppIcon;
				CODE_SIGN_STYLE = Automatic;
				DEVELOPMENT_TEAM = WP3KFMBAVD;
				INFOPLIST_FILE = mykakeibo/Info.plist;
				LD_RUNPATH_SEARCH_PATHS = (
					"$(inherited)",
					"@executable_path/Frameworks",
				);
				PRODUCT_BUNDLE_IDENTIFIER = ide.mykakeibo;
				PRODUCT_NAME = "$(TARGET_NAME)";
				TARGETED_DEVICE_FAMILY = "1,2";
			};
			name = Debug;
		};
		78BE7F9E21120F910005B644 /* Release */ = {
			isa = XCBuildConfiguration;
			baseConfigurationReference = 6372489150212EC3F9719CA3 /* Pods-mykakeibo.release.xcconfig */;
			buildSettings = {
				ASSETCATALOG_COMPILER_APPICON_NAME = AppIcon;
				CODE_SIGN_STYLE = Automatic;
				DEVELOPMENT_TEAM = WP3KFMBAVD;
				INFOPLIST_FILE = mykakeibo/Info.plist;
				LD_RUNPATH_SEARCH_PATHS = (
					"$(inherited)",
					"@executable_path/Frameworks",
				);
				PRODUCT_BUNDLE_IDENTIFIER = ide.mykakeibo;
				PRODUCT_NAME = "$(TARGET_NAME)";
				TARGETED_DEVICE_FAMILY = "1,2";
			};
			name = Release;
		};
		78BE7FA021120F910005B644 /* Debug */ = {
			isa = XCBuildConfiguration;
			baseConfigurationReference = 07875F4948752472C2F45FB3 /* Pods-mykakeiboTests.debug.xcconfig */;
			buildSettings = {
				BUNDLE_LOADER = "$(TEST_HOST)";
				CODE_SIGN_STYLE = Automatic;
				DEVELOPMENT_TEAM = WP3KFMBAVD;
				INFOPLIST_FILE = mykakeiboTests/Info.plist;
				LD_RUNPATH_SEARCH_PATHS = (
					"$(inherited)",
					"@executable_path/Frameworks",
					"@loader_path/Frameworks",
				);
				PRODUCT_BUNDLE_IDENTIFIER = ide.mykakeiboTests;
				PRODUCT_NAME = "$(TARGET_NAME)";
				TARGETED_DEVICE_FAMILY = "1,2";
				TEST_HOST = "$(BUILT_PRODUCTS_DIR)/mykakeibo.app/mykakeibo";
			};
			name = Debug;
		};
		78BE7FA121120F910005B644 /* Release */ = {
			isa = XCBuildConfiguration;
			baseConfigurationReference = 2D64B6CD997CC0DF7BA59C83 /* Pods-mykakeiboTests.release.xcconfig */;
			buildSettings = {
				BUNDLE_LOADER = "$(TEST_HOST)";
				CODE_SIGN_STYLE = Automatic;
				DEVELOPMENT_TEAM = WP3KFMBAVD;
				INFOPLIST_FILE = mykakeiboTests/Info.plist;
				LD_RUNPATH_SEARCH_PATHS = (
					"$(inherited)",
					"@executable_path/Frameworks",
					"@loader_path/Frameworks",
				);
				PRODUCT_BUNDLE_IDENTIFIER = ide.mykakeiboTests;
				PRODUCT_NAME = "$(TARGET_NAME)";
				TARGETED_DEVICE_FAMILY = "1,2";
				TEST_HOST = "$(BUILT_PRODUCTS_DIR)/mykakeibo.app/mykakeibo";
			};
			name = Release;
		};
		78BE7FA321120F910005B644 /* Debug */ = {
			isa = XCBuildConfiguration;
			baseConfigurationReference = F7DBD805FF2D804986663399 /* Pods-mykakeiboUITests.debug.xcconfig */;
			buildSettings = {
				CODE_SIGN_STYLE = Automatic;
				DEVELOPMENT_TEAM = WP3KFMBAVD;
				INFOPLIST_FILE = mykakeiboUITests/Info.plist;
				LD_RUNPATH_SEARCH_PATHS = (
					"$(inherited)",
					"@executable_path/Frameworks",
					"@loader_path/Frameworks",
				);
				PRODUCT_BUNDLE_IDENTIFIER = ide.mykakeiboUITests;
				PRODUCT_NAME = "$(TARGET_NAME)";
				TARGETED_DEVICE_FAMILY = "1,2";
				TEST_TARGET_NAME = mykakeibo;
			};
			name = Debug;
		};
		78BE7FA421120F910005B644 /* Release */ = {
			isa = XCBuildConfiguration;
			baseConfigurationReference = F82F90D495BA61546E434F8C /* Pods-mykakeiboUITests.release.xcconfig */;
			buildSettings = {
				CODE_SIGN_STYLE = Automatic;
				DEVELOPMENT_TEAM = WP3KFMBAVD;
				INFOPLIST_FILE = mykakeiboUITests/Info.plist;
				LD_RUNPATH_SEARCH_PATHS = (
					"$(inherited)",
					"@executable_path/Frameworks",
					"@loader_path/Frameworks",
				);
				PRODUCT_BUNDLE_IDENTIFIER = ide.mykakeiboUITests;
				PRODUCT_NAME = "$(TARGET_NAME)";
				TARGETED_DEVICE_FAMILY = "1,2";
				TEST_TARGET_NAME = mykakeibo;
			};
			name = Release;
		};
/* End XCBuildConfiguration section */

/* Begin XCConfigurationList section */
		78BE7F6B21120F8F0005B644 /* Build configuration list for PBXProject "mykakeibo" */ = {
			isa = XCConfigurationList;
			buildConfigurations = (
				78BE7F9A21120F910005B644 /* Debug */,
				78BE7F9B21120F910005B644 /* Release */,
			);
			defaultConfigurationIsVisible = 0;
			defaultConfigurationName = Release;
		};
		78BE7F9C21120F910005B644 /* Build configuration list for PBXNativeTarget "mykakeibo" */ = {
			isa = XCConfigurationList;
			buildConfigurations = (
				78BE7F9D21120F910005B644 /* Debug */,
				78BE7F9E21120F910005B644 /* Release */,
			);
			defaultConfigurationIsVisible = 0;
			defaultConfigurationName = Release;
		};
		78BE7F9F21120F910005B644 /* Build configuration list for PBXNativeTarget "mykakeiboTests" */ = {
			isa = XCConfigurationList;
			buildConfigurations = (
				78BE7FA021120F910005B644 /* Debug */,
				78BE7FA121120F910005B644 /* Release */,
			);
			defaultConfigurationIsVisible = 0;
			defaultConfigurationName = Release;
		};
		78BE7FA221120F910005B644 /* Build configuration list for PBXNativeTarget "mykakeiboUITests" */ = {
			isa = XCConfigurationList;
			buildConfigurations = (
				78BE7FA321120F910005B644 /* Debug */,
				78BE7FA421120F910005B644 /* Release */,
			);
			defaultConfigurationIsVisible = 0;
			defaultConfigurationName = Release;
		};
/* End XCConfigurationList section */
	};
	rootObject = 78BE7F6821120F8F0005B644 /* Project object */;
}
